
Microsoft Visual Studio Solution File, Format Version 12.00
# Visual Studio 15
VisualStudioVersion = 15.0.28307.329
MinimumVisualStudioVersion = 10.0.40219.1
Project("{FAE04EC0-301F-11D3-BF4B-00C04F79EFBC}") = "StudyManager.Xml", "StudyManager.Xml\StudyManager.Xml.csproj", "{91B66E95-6411-4426-90D5-53F2AB69B7A7}"
EndProject
Global
	GlobalSection(SolutionConfigurationPlatforms) = preSolution
		Debug|Any CPU = Debug|Any CPU
		Release|Any CPU = Release|Any CPU
	EndGlobalSection
	GlobalSection(ProjectConfigurationPlatforms) = postSolution
		{91B66E95-6411-4426-90D5-53F2AB69B7A7}.Debug|Any CPU.ActiveCfg = Debug|Any CPU
		{91B66E95-6411-4426-90D5-53F2AB69B7A7}.Debug|Any CPU.Build.0 = Debug|Any CPU
		{91B66E95-6411-4426-90D5-53F2AB69B7A7}.Release|Any CPU.ActiveCfg = Release|Any CPU
		{91B66E95-6411-4426-90D5-53F2AB69B7A7}.Release|Any CPU.Build.0 = Release|Any CPU
	EndGlobalSection
	GlobalSection(SolutionProperties) = preSolution
		HideSolutionNode = FALSE
	EndGlobalSection
	GlobalSection(ExtensibilityGlobals) = postSolution
		SolutionGuid = {02DA2D08-DED2-468A-A820-26075F1ECC70}
	EndGlobalSection
EndGlobal
